
Microsoft Visual Studio Solution File, Format Version 12.00
Project("{F2A71F9B-5D33-465A-A702-920D77279786}") = "AnimacaoManual", "AnimacaoManual.fsproj", "{F3707E84-EF99-47EA-B838-E8A5B53A3682}"
EndProject
Global
	GlobalSection(SolutionConfigurationPlatforms) = preSolution
		Debug|Any CPU = Debug|Any CPU
		Release|Any CPU = Release|Any CPU
	EndGlobalSection
	GlobalSection(ProjectConfigurationPlatforms) = postSolution
		{F3707E84-EF99-47EA-B838-E8A5B53A3682}.Debug|Any CPU.ActiveCfg = Debug|Any CPU
		{F3707E84-EF99-47EA-B838-E8A5B53A3682}.Debug|Any CPU.Build.0 = Debug|Any CPU
		{F3707E84-EF99-47EA-B838-E8A5B53A3682}.Release|Any CPU.ActiveCfg = Release|Any CPU
		{F3707E84-EF99-47EA-B838-E8A5B53A3682}.Release|Any CPU.Build.0 = Release|Any CPU
	EndGlobalSection
EndGlobal
